
Microsoft Visual Studio Solution File, Format Version 12.00
# Visual Studio Version 17
VisualStudioVersion = 17.14.36811.4
MinimumVisualStudioVersion = 10.0.40219.1
Project("{FAE04EC0-301F-11D3-BF4B-00C04F79EFBC}") = "FiapCloudGames.Notifications.API", "FiapCloudGames.Notifications.API.csproj", "{73569B51-FE83-4F57-BFF7-C306B84661D8}"
EndProject
Project("{FAE04EC0-301F-11D3-BF4B-00C04F79EFBC}") = "FiapCloudGames.Notifications.Infrastructure", "..\FiapCloudGames.Notifications.Infrastructure\FiapCloudGames.Notifications.Infrastructure.csproj", "{B1384A48-C238-43C7-98DC-86429EE6653C}"
EndProject
Project("{FAE04EC0-301F-11D3-BF4B-00C04F79EFBC}") = "FiapCloudGames.Notifications.Application", "..\FiapCloudGames.Notifications.Application\FiapCloudGames.Notifications.Application.csproj", "{FC461379-3DD1-4E43-A39E-2BC20295BC92}"
EndProject
Global
	GlobalSection(SolutionConfigurationPlatforms) = preSolution
		Debug|Any CPU = Debug|Any CPU
		Release|Any CPU = Release|Any CPU
	EndGlobalSection
	GlobalSection(ProjectConfigurationPlatforms) = postSolution
		{73569B51-FE83-4F57-BFF7-C306B84661D8}.Debug|Any CPU.ActiveCfg = Debug|Any CPU
		{73569B51-FE83-4F57-BFF7-C306B84661D8}.Debug|Any CPU.Build.0 = Debug|Any CPU
		{73569B51-FE83-4F57-BFF7-C306B84661D8}.Release|Any CPU.ActiveCfg = Release|Any CPU
		{73569B51-FE83-4F57-BFF7-C306B84661D8}.Release|Any CPU.Build.0 = Release|Any CPU
		{B1384A48-C238-43C7-98DC-86429EE6653C}.Debug|Any CPU.ActiveCfg = Debug|Any CPU
		{B1384A48-C238-43C7-98DC-86429EE6653C}.Debug|Any CPU.Build.0 = Debug|Any CPU
		{B1384A48-C238-43C7-98DC-86429EE6653C}.Release|Any CPU.ActiveCfg = Release|Any CPU
		{B1384A48-C238-43C7-98DC-86429EE6653C}.Release|Any CPU.Build.0 = Release|Any CPU
		{FC461379-3DD1-4E43-A39E-2BC20295BC92}.Debug|Any CPU.ActiveCfg = Debug|Any CPU
		{FC461379-3DD1-4E43-A39E-2BC20295BC92}.Debug|Any CPU.Build.0 = Debug|Any CPU
		{FC461379-3DD1-4E43-A39E-2BC20295BC92}.Release|Any CPU.ActiveCfg = Release|Any CPU
		{FC461379-3DD1-4E43-A39E-2BC20295BC92}.Release|Any CPU.Build.0 = Release|Any CPU
	EndGlobalSection
	GlobalSection(SolutionProperties) = preSolution
		HideSolutionNode = FALSE
	EndGlobalSection
	GlobalSection(ExtensibilityGlobals) = postSolution
		SolutionGuid = {2BC0B5FB-3214-4DA3-8BC2-661DD46E7EC7}
	EndGlobalSection
EndGlobal
